
Microsoft Visual Studio Solution File, Format Version 12.00
# Visual Studio 15
VisualStudioVersion = 15.0.28307.1231
MinimumVisualStudioVersion = 10.0.40219.1
Project("{FAE04EC0-301F-11D3-BF4B-00C04F79EFBC}") = "ConsoleApp1", "ConsoleApp1\ConsoleApp1.csproj", "{59B5EE67-E480-421F-B1C1-BE3F617E6069}"
EndProject
Global
	GlobalSection(SolutionConfigurationPlatforms) = preSolution
		Debug|Any CPU = Debug|Any CPU
		Release|Any CPU = Release|Any CPU
	EndGlobalSection
	GlobalSection(ProjectConfigurationPlatforms) = postSolution
		{59B5EE67-E480-421F-B1C1-BE3F617E6069}.Debug|Any CPU.ActiveCfg = Debug|Any CPU
		{59B5EE67-E480-421F-B1C1-BE3F617E6069}.Debug|Any CPU.Build.0 = Debug|Any CPU
		{59B5EE67-E480-421F-B1C1-BE3F617E6069}.Release|Any CPU.ActiveCfg = Release|Any CPU
		{59B5EE67-E480-421F-B1C1-BE3F617E6069}.Release|Any CPU.Build.0 = Release|Any CPU
	EndGlobalSection
	GlobalSection(SolutionProperties) = preSolution
		HideSolutionNode = FALSE
	EndGlobalSection
	GlobalSection(ExtensibilityGlobals) = postSolution
		SolutionGuid = {D47EC2FC-890A-4897-994F-EC1B50183B80}
	EndGlobalSection
EndGlobal
